// !$*UTF8*$!
{
	archiveVersion = 1;
	classes = {
	};
	objectVersion = 46;
	objects = {

/* Begin PBXBuildFile section */
		D9BE8C681FCBFBC900174D27 /* main.m in Sources */ = {isa = PBXBuildFile; fileRef = D9BE8C671FCBFBC900174D27 /* main.m */; };
		D9BE8C6B1FCBFBC900174D27 /* AppDelegate.m in Sources */ = {isa = PBXBuildFile; fileRef = D9BE8C6A1FCBFBC900174D27 /* AppDelegate.m */; };
		D9BE8C6E1FCBFBC900174D27 /* ViewController.m in Sources */ = {isa = PBXBuildFile; fileRef = D9BE8C6D1FCBFBC900174D27 /* ViewController.m */; };
		D9BE8C711FCBFBC900174D27 /* Main.storyboard in Resources */ = {isa = PBXBuildFile; fileRef = D9BE8C6F1FCBFBC900174D27 /* Main.storyboard */; };
		D9BE8C731FCBFBC900174D27 /* Assets.xcassets in Resources */ = {isa = PBXBuildFile; fileRef = D9BE8C721FCBFBC900174D27 /* Assets.xcassets */; };
		D9BE8C761FCBFBC900174D27 /* LaunchScreen.storyboard in Resources */ = {isa = PBXBuildFile; fileRef = D9BE8C741FCBFBC900174D27 /* LaunchScreen.storyboard */; };
		D9BE8C7F1FCBFC3700174D27 /* HSFAlertView.m in Sources */ = {isa = PBXBuildFile; fileRef = D9BE8C7E1FCBFC3700174D27 /* HSFAlertView.m */; };
		D9BE8C811FCBFC6F00174D27 /* HSFAlertView.xib in Resources */ = {isa = PBXBuildFile; fileRef = D9BE8C801FCBFC6F00174D27 /* HSFAlertView.xib */; };
/* End PBXBuildFile section */

/* Begin PBXFileReference section */
		D9BE8C631FCBFBC900174D27 /* CustomAlertView.app */ = {isa = PBXFileReference; explicitFileType = wrapper.application; includeInIndex = 0; path = CustomAlertView.app; sourceTree = BUILT_PRODUCTS_DIR; };
		D9BE8C671FCBFBC900174D27 /* main.m */ = {isa = PBXFileReference; lastKnownFileType = sourcecode.c.objc; path = main.m; sourceTree = "<group>"; };
		D9BE8C691FCBFBC900174D27 /* AppDelegate.h */ = {isa = PBXFileReference; lastKnownFileType = sourcecode.c.h; path = AppDelegate.h; sourceTree = "<group>"; };
		D9BE8C6A1FCBFBC900174D27 /* AppDelegate.m */ = {isa = PBXFileReference; lastKnownFileType = sourcecode.c.objc; path = AppDelegate.m; sourceTree = "<group>"; };
		D9BE8C6C1FCBFBC900174D27 /* ViewController.h */ = {isa = PBXFileReference; lastKnownFileType = sourcecode.c.h; path = ViewController.h; sourceTree = "<group>"; };
		D9BE8C6D1FCBFBC900174D27 /* ViewController.m */ = {isa = PBXFileReference; lastKnownFileType = sourcecode.c.objc; path = ViewController.m; sourceTree = "<group>"; };
		D9BE8C701FCBFBC900174D27 /* Base */ = {isa = PBXFileReference; lastKnownFileType = file.storyboard; name = Base; path = Base.lproj/Main.storyboard; sourceTree = "<group>"; };
		D9BE8C721FCBFBC900174D27 /* Assets.xcassets */ = {isa = PBXFileReference; lastKnownFileType = folder.assetcatalog; path = Assets.xcassets; sourceTree = "<group>"; };
		D9BE8C751FCBFBC900174D27 /* Base */ = {isa = PBXFileReference; lastKnownFileType = file.storyboard; name = Base; path = Base.lproj/LaunchScreen.storyboard; sourceTree = "<group>"; };
		D9BE8C771FCBFBC900174D27 /* Info.plist */ = {isa = PBXFileReference; lastKnownFileType = text.plist.xml; path = Info.plist; sourceTree = "<group>"; };
		D9BE8C7D1FCBFC3700174D27 /* HSFAlertView.h */ = {isa = PBXFileReference; fileEncoding = 4; lastKnownFileType = sourcecode.c.h; path = HSFAlertView.h; sourceTree = "<group>"; };
		D9BE8C7E1FCBFC3700174D27 /* HSFAlertView.m */ = {isa = PBXFileReference; fileEncoding = 4; lastKnownFileType = sourcecode.c.objc; path = HSFAlertView.m; sourceTree = "<group>"; };
		D9BE8C801FCBFC6F00174D27 /* HSFAlertView.xib */ = {isa = PBXFileReference; fileEncoding = 4; lastKnownFileType = file.xib; path = HSFAlertView.xib; sourceTree = "<group>"; };
/* End PBXFileReference section */

/* Begin PBXFrameworksBuildPhase section */
		D9BE8C601FCBFBC900174D27 /* Frameworks */ = {
			isa = PBXFrameworksBuildPhase;
			buildActionMask = 2147483647;
			files = (
			);
			runOnlyForDeploymentPostprocessing = 0;
		};
/* End PBXFrameworksBuildPhase section */

/* Begin PBXGroup section */
		D92659A11FCCFB6B00DD0C74 /* HSFAlertView */ = {
			isa = PBXGroup;
			children = (
				D9BE8C7D1FCBFC3700174D27 /* HSFAlertView.h */,
				D9BE8C7E1FCBFC3700174D27 /* HSFAlertView.m */,
				D9BE8C801FCBFC6F00174D27 /* HSFAlertView.xib */,
			);
			name = HSFAlertView;
			sourceTree = "<group>";
		};
		D9BE8C5A1FCBFBC900174D27 = {
			isa = PBXGroup;
			children = (
				D9BE8C651FCBFBC900174D27 /* CustomAlertView */,
				D9BE8C641FCBFBC900174D27 /* Products */,
			);
			sourceTree = "<group>";
		};
		D9BE8C641FCBFBC900174D27 /* Products */ = {
			isa = PBXGroup;
			children = (
				D9BE8C631FCBFBC900174D27 /* CustomAlertView.app */,
			);
			name = Products;
			sourceTree = "<group>";
		};
		D9BE8C651FCBFBC900174D27 /* CustomAlertView */ = {
			isa = PBXGroup;
			children = (
				D92659A11FCCFB6B00DD0C74 /* HSFAlertView */,
				D9BE8C691FCBFBC900174D27 /* AppDelegate.h */,
				D9BE8C6A1FCBFBC900174D27 /* AppDelegate.m */,
				D9BE8C6C1FCBFBC900174D27 /* ViewController.h */,
				D9BE8C6D1FCBFBC900174D27 /* ViewController.m */,
				D9BE8C6F1FCBFBC900174D27 /* Main.storyboard */,
				D9BE8C721FCBFBC900174D27 /* Assets.xcassets */,
				D9BE8C741FCBFBC900174D27 /* LaunchScreen.storyboard */,
				D9BE8C771FCBFBC900174D27 /* Info.plist */,
				D9BE8C661FCBFBC900174D27 /* Supporting Files */,
			);
			path = CustomAlertView;
			sourceTree = "<group>";
		};
		D9BE8C661FCBFBC900174D27 /* Supporting Files */ = {
			isa = PBXGroup;
			children = (
				D9BE8C671FCBFBC900174D27 /* main.m */,
			);
			name = "Supporting Files";
			sourceTree = "<group>";
		};
/* End PBXGroup section */

/* Begin PBXNativeTarget section */
		D9BE8C621FCBFBC900174D27 /* CustomAlertView */ = {
			isa = PBXNativeTarget;
			buildConfigurationList = D9BE8C7A1FCBFBC900174D27 /* Build configuration list for PBXNativeTarget "CustomAlertView" */;
			buildPhases = (
				D9BE8C5F1FCBFBC900174D27 /* Sources */,
				D9BE8C601FCBFBC900174D27 /* Frameworks */,
				D9BE8C611FCBFBC900174D27 /* Resources */,
			);
			buildRules = (
			);
			dependencies = (
			);
			name = CustomAlertView;
			productName = CustomAlertView;
			productReference = D9BE8C631FCBFBC900174D27 /* CustomAlertView.app */;
			productType = "com.apple.product-type.application";
		};
/* End PBXNativeTarget section */

/* Begin PBXProject section */
		D9BE8C5B1FCBFBC900174D27 /* Project object */ = {
			isa = PBXProject;
			attributes = {
				LastUpgradeCheck = 0820;
				ORGANIZATIONNAME = "胡双飞";
				TargetAttributes = {
					D9BE8C621FCBFBC900174D27 = {
						CreatedOnToolsVersion = 8.2.1;
						ProvisioningStyle = Automatic;
					};
				};
			};
			buildConfigurationList = D9BE8C5E1FCBFBC900174D27 /* Build configuration list for PBXProject "CustomAlertView" */;
			compatibilityVersion = "Xcode 3.2";
			developmentRegion = English;
			hasScannedForEncodings = 0;
			knownRegions = (
				en,
				Base,
			);
			mainGroup = D9BE8C5A1FCBFBC900174D27;
			productRefGroup = D9BE8C641FCBFBC900174D27 /* Products */;
			projectDirPath = "";
			projectRoot = "";
			targets = (
				D9BE8C621FCBFBC900174D27 /* CustomAlertView */,
			);
		};
/* End PBXProject section */

/* Begin PBXResourcesBuildPhase section */
		D9BE8C611FCBFBC900174D27 /* Resources */ = {
			isa = PBXResourcesBuildPhase;
			buildActionMask = 2147483647;
			files = (
				D9BE8C761FCBFBC900174D27 /* LaunchScreen.storyboard in Resources */,
				D9BE8C731FCBFBC900174D27 /* Assets.xcassets in Resources */,
				D9BE8C711FCBFBC900174D27 /* Main.storyboard in Resources */,
				D9BE8C811FCBFC6F00174D27 /* HSFAlertView.xib in Resources */,
			);
			runOnlyForDeploymentPostprocessing = 0;
		};
/* End PBXResourcesBuildPhase section */

/* Begin PBXSourcesBuildPhase section */
		D9BE8C5F1FCBFBC900174D27 /* Sources */ = {
			isa = PBXSourcesBuildPhase;
			buildActionMask = 2147483647;
			files = (
				D9BE8C6E1FCBFBC900174D27 /* ViewController.m in Sources */,
				D9BE8C6B1FCBFBC900174D27 /* AppDelegate.m in Sources */,
				D9BE8C681FCBFBC900174D27 /* main.m in Sources */,
				D9BE8C7F1FCBFC3700174D27 /* HSFAlertView.m in Sources */,
			);
			runOnlyForDeploymentPostprocessing = 0;
		};
/* End PBXSourcesBuildPhase section */

/* Begin PBXVariantGroup section */
		D9BE8C6F1FCBFBC900174D27 /* Main.storyboard */ = {
			isa = PBXVariantGroup;
			children = (
				D9BE8C701FCBFBC900174D27 /* Base */,
			);
			name = Main.storyboard;
			sourceTree = "<group>";
		};
		D9BE8C741FCBFBC900174D27 /* LaunchScreen.storyboard */ = {
			isa = PBXVariantGroup;
			children = (
				D9BE8C751FCBFBC900174D27 /* Base */,
			);
			name = LaunchScreen.storyboard;
			sourceTree = "<group>";
		};
/* End PBXVariantGroup section */

/* Begin XCBuildConfiguration section */
		D9BE8C781FCBFBC900174D27 /* Debug */ = {
			isa = XCBuildConfiguration;
			buildSettings = {
				ALWAYS_SEARCH_USER_PATHS = NO;
				CLANG_ANALYZER_NONNULL = YES;
				CLANG_CXX_LANGUAGE_STANDARD = "gnu++0x";
				CLANG_CXX_LIBRARY = "libc++";
				CLANG_ENABLE_MODULES = YES;
				CLANG_ENABLE_OBJC_ARC = YES;
				CLANG_WARN_BOOL_CONVERSION = YES;
				CLANG_WARN_CONSTANT_CONVERSION = YES;
				CLANG_WARN_DIRECT_OBJC_ISA_USAGE = YES_ERROR;
				CLANG_WARN_DOCUMENTATION_COMMENTS = YES;
				CLANG_WARN_EMPTY_BODY = YES;
				CLANG_WARN_ENUM_CONVERSION = YES;
				CLANG_WARN_INFINITE_RECURSION = YES;
				CLANG_WARN_INT_CONVERSION = YES;
				CLANG_WARN_OBJC_ROOT_CLASS = YES_ERROR;
				CLANG_WARN_SUSPICIOUS_MOVE = YES;
				CLANG_WARN_UNREACHABLE_CODE = YES;
				CLANG_WARN__DUPLICATE_METHOD_MATCH = YES;
				"CODE_SIGN_IDENTITY[sdk=iphoneos*]" = "iPhone Developer";
				COPY_PHASE_STRIP = NO;
				DEBUG_INFORMATION_FORMAT = dwarf;
				ENABLE_STRICT_OBJC_MSGSEND = YES;
				ENABLE_TESTABILITY = YES;
				GCC_C_LANGUAGE_STANDARD = gnu99;
				GCC_DYNAMIC_NO_PIC = NO;
				GCC_NO_COMMON_BLOCKS = YES;
				GCC_OPTIMIZATION_LEVEL = 0;
				GCC_PREPROCESSOR_DEFINITIONS = (
					"DEBUG=1",
					"$(inherited)",
				);
				GCC_WARN_64_TO_32_BIT_CONVERSION = YES;
				GCC_WARN_ABOUT_RETURN_TYPE = YES_ERROR;
				GCC_WARN_UNDECLARED_SELECTOR = YES;
				GCC_WARN_UNINITIALIZED_AUTOS = YES_AGGRESSIVE;
				GCC_WARN_UNUSED_FUNCTION = YES;
				GCC_WARN_UNUSED_VARIABLE = YES;
				IPHONEOS_DEPLOYMENT_TARGET = 10.2;
				MTL_ENABLE_DEBUG_INFO = YES;
				ONLY_ACTIVE_ARCH = YES;
				SDKROOT = iphoneos;
				TARGETED_DEVICE_FAMILY = "1,2";
			};
			name = Debug;
		};
		D9BE8C791FCBFBC900174D27 /* Release */ = {
			isa = XCBuildConfiguration;
			buildSettings = {
				ALWAYS_SEARCH_USER_PATHS = NO;
				CLANG_ANALYZER_NONNULL = YES;
				CLANG_CXX_LANGUAGE_STANDARD = "gnu++0x";
				CLANG_CXX_LIBRARY = "libc++";
				CLANG_ENABLE_MODULES = YES;
				CLANG_ENABLE_OBJC_ARC = YES;
				CLANG_WARN_BOOL_CONVERSION = YES;
				CLANG_WARN_CONSTANT_CONVERSION = YES;
				CLANG_WARN_DIRECT_OBJC_ISA_USAGE = YES_ERROR;
				CLANG_WARN_DOCUMENTATION_COMMENTS = YES;
				CLANG_WARN_EMPTY_BODY = YES;
				CLANG_WARN_ENUM_CONVERSION = YES;
				CLANG_WARN_INFINITE_RECURSION = YES;
				CLANG_WARN_INT_CONVERSION = YES;
				CLANG_WARN_OBJC_ROOT_CLASS = YES_ERROR;
				CLANG_WARN_SUSPICIOUS_MOVE = YES;
				CLANG_WARN_UNREACHABLE_CODE = YES;
				CLANG_WARN__DUPLICATE_METHOD_MATCH = YES;
				"CODE_SIGN_IDENTITY[sdk=iphoneos*]" = "iPhone Developer";
				COPY_PHASE_STRIP = NO;
				DEBUG_INFORMATION_FORMAT = "dwarf-with-dsym";
				ENABLE_NS_ASSERTIONS = NO;
				ENABLE_STRICT_OBJC_MSGSEND = YES;
				GCC_C_LANGUAGE_STANDARD = gnu99;
				GCC_NO_COMMON_BLOCKS = YES;
				GCC_WARN_64_TO_32_BIT_CONVERSION = YES;
				GCC_WARN_ABOUT_RETURN_TYPE = YES_ERROR;
				GCC_WARN_UNDECLARED_SELECTOR = YES;
				GCC_WARN_UNINITIALIZED_AUTOS = YES_AGGRESSIVE;
				GCC_WARN_UNUSED_FUNCTION = YES;
				GCC_WARN_UNUSED_VARIABLE = YES;
				IPHONEOS_DEPLOYMENT_TARGET = 10.2;
				MTL_ENABLE_DEBUG_INFO = NO;
				SDKROOT = iphoneos;
				TARGETED_DEVICE_FAMILY = "1,2";
				VALIDATE_PRODUCT = YES;
			};
			name = Release;
		};
		D9BE8C7B1FCBFBC900174D27 /* Debug */ = {
			isa = XCBuildConfiguration;
			buildSettings = {
				ASSETCATALOG_COMPILER_APPICON_NAME = AppIcon;
				INFOPLIST_FILE = CustomAlertView/Info.plist;
				IPHONEOS_DEPLOYMENT_TARGET = 8.0;
				LD_RUNPATH_SEARCH_PATHS = "$(inherited) @executable_path/Frameworks";
				PRODUCT_BUNDLE_IDENTIFIER = HSF.CustomAlertView;
				PRODUCT_NAME = "$(TARGET_NAME)";
			};
			name = Debug;
		};
		D9BE8C7C1FCBFBC900174D27 /* Release */ = {
			isa = XCBuildConfiguration;
			buildSettings = {
				ASSETCATALOG_COMPILER_APPICON_NAME = AppIcon;
				INFOPLIST_FILE = CustomAlertView/Info.plist;
				IPHONEOS_DEPLOYMENT_TARGET = 8.0;
				LD_RUNPATH_SEARCH_PATHS = "$(inherited) @executable_path/Frameworks";
				PRODUCT_BUNDLE_IDENTIFIER = HSF.CustomAlertView;
				PRODUCT_NAME = "$(TARGET_NAME)";
			};
			name = Release;
		};
/* End XCBuildConfiguration section */

/* Begin XCConfigurationList section */
		D9BE8C5E1FCBFBC900174D27 /* Build configuration list for PBXProject "CustomAlertView" */ = {
			isa = XCConfigurationList;
			buildConfigurations = (
				D9BE8C781FCBFBC900174D27 /* Debug */,
				D9BE8C791FCBFBC900174D27 /* Release */,
			);
			defaultConfigurationIsVisible = 0;
			defaultConfigurationName = Release;
		};
		D9BE8C7A1FCBFBC900174D27 /* Build configuration list for PBXNativeTarget "CustomAlertView" */ = {
			isa = XCConfigurationList;
			buildConfigurations = (
				D9BE8C7B1FCBFBC900174D27 /* Debug */,
				D9BE8C7C1FCBFBC900174D27 /* Release */,
			);
			defaultConfigurationIsVisible = 0;
			defaultConfigurationName = Release;
		};
/* End XCConfigurationList section */
	};
	rootObject = D9BE8C5B1FCBFBC900174D27 /* Project object */;
}
